// !$*UTF8*$!
{
	archiveVersion = 1;
	classes = {
	};
	objectVersion = 46;
	objects = {

/* Begin PBXBuildFile section */
		CD6BA5B11AA31DE300E6D336 /* MovieTabBar.m in Sources */ = {isa = PBXBuildFile; fileRef = CD6BA5B01AA31DE300E6D336 /* MovieTabBar.m */; };
		CDBB7A7A1A98CEB500D90A0D /* main.m in Sources */ = {isa = PBXBuildFile; fileRef = CDBB7A791A98CEB500D90A0D /* main.m */; };
		CDBB7A7D1A98CEB500D90A0D /* AppDelegate.m in Sources */ = {isa = PBXBuildFile; fileRef = CDBB7A7C1A98CEB500D90A0D /* AppDelegate.m */; };
		CDBB7A831A98CEB500D90A0D /* Main.storyboard in Resources */ = {isa = PBXBuildFile; fileRef = CDBB7A811A98CEB500D90A0D /* Main.storyboard */; };
		CDBB7A851A98CEB500D90A0D /* Images.xcassets in Resources */ = {isa = PBXBuildFile; fileRef = CDBB7A841A98CEB500D90A0D /* Images.xcassets */; };
		CDBB7A881A98CEB500D90A0D /* LaunchScreen.xib in Resources */ = {isa = PBXBuildFile; fileRef = CDBB7A861A98CEB500D90A0D /* LaunchScreen.xib */; };
		CDBB7A941A98CEB500D90A0D /* iTMDBTests.m in Sources */ = {isa = PBXBuildFile; fileRef = CDBB7A931A98CEB500D90A0D /* iTMDBTests.m */; };
		CDBB7A9F1A98D68500D90A0D /* MoviesViewController.m in Sources */ = {isa = PBXBuildFile; fileRef = CDBB7A9E1A98D68500D90A0D /* MoviesViewController.m */; };
		CDBB7AA71A98FEA700D90A0D /* TabBarViewController.m in Sources */ = {isa = PBXBuildFile; fileRef = CDBB7AA61A98FEA700D90A0D /* TabBarViewController.m */; };
		CDBB7AAD1A9A6F2E00D90A0D /* SearchForMoviesViewController.m in Sources */ = {isa = PBXBuildFile; fileRef = CDBB7AAC1A9A6F2E00D90A0D /* SearchForMoviesViewController.m */; };
		CDBB7AB01A9A7BDF00D90A0D /* MovieTableViewCell.m in Sources */ = {isa = PBXBuildFile; fileRef = CDBB7AAF1A9A7BDF00D90A0D /* MovieTableViewCell.m */; };
		CDBB7AB51A9A8BE600D90A0D /* DetailViewController.m in Sources */ = {isa = PBXBuildFile; fileRef = CDBB7AB41A9A8BE600D90A0D /* DetailViewController.m */; };
/* End PBXBuildFile section */

/* Begin PBXContainerItemProxy section */
		CDBB7A8E1A98CEB500D90A0D /* PBXContainerItemProxy */ = {
			isa = PBXContainerItemProxy;
			containerPortal = CDBB7A6C1A98CEB400D90A0D /* Project object */;
			proxyType = 1;
			remoteGlobalIDString = CDBB7A731A98CEB400D90A0D;
			remoteInfo = iTMDB;
		};
/* End PBXContainerItemProxy section */

/* Begin PBXFileReference section */
		CD6BA5AF1AA31DE300E6D336 /* MovieTabBar.h */ = {isa = PBXFileReference; fileEncoding = 4; lastKnownFileType = sourcecode.c.h; path = MovieTabBar.h; sourceTree = "<group>"; };
		CD6BA5B01AA31DE300E6D336 /* MovieTabBar.m */ = {isa = PBXFileReference; fileEncoding = 4; lastKnownFileType = sourcecode.c.objc; path = MovieTabBar.m; sourceTree = "<group>"; };
		CDBB7A741A98CEB400D90A0D /* iTMDB.app */ = {isa = PBXFileReference; explicitFileType = wrapper.application; includeInIndex = 0; path = iTMDB.app; sourceTree = BUILT_PRODUCTS_DIR; };
		CDBB7A781A98CEB500D90A0D /* Info.plist */ = {isa = PBXFileReference; lastKnownFileType = text.plist.xml; path = Info.plist; sourceTree = "<group>"; };
		CDBB7A791A98CEB500D90A0D /* main.m */ = {isa = PBXFileReference; lastKnownFileType = sourcecode.c.objc; path = main.m; sourceTree = "<group>"; };
		CDBB7A7B1A98CEB500D90A0D /* AppDelegate.h */ = {isa = PBXFileReference; lastKnownFileType = sourcecode.c.h; path = AppDelegate.h; sourceTree = "<group>"; };
		CDBB7A7C1A98CEB500D90A0D /* AppDelegate.m */ = {isa = PBXFileReference; lastKnownFileType = sourcecode.c.objc; path = AppDelegate.m; sourceTree = "<group>"; };
		CDBB7A821A98CEB500D90A0D /* Base */ = {isa = PBXFileReference; lastKnownFileType = file.storyboard; name = Base; path = Base.lproj/Main.storyboard; sourceTree = "<group>"; };
		CDBB7A841A98CEB500D90A0D /* Images.xcassets */ = {isa = PBXFileReference; lastKnownFileType = folder.assetcatalog; path = Images.xcassets; sourceTree = "<group>"; };
		CDBB7A871A98CEB500D90A0D /* Base */ = {isa = PBXFileReference; lastKnownFileType = file.xib; name = Base; path = Base.lproj/LaunchScreen.xib; sourceTree = "<group>"; };
		CDBB7A8D1A98CEB500D90A0D /* iTMDBTests.xctest */ = {isa = PBXFileReference; explicitFileType = wrapper.cfbundle; includeInIndex = 0; path = iTMDBTests.xctest; sourceTree = BUILT_PRODUCTS_DIR; };
		CDBB7A921A98CEB500D90A0D /* Info.plist */ = {isa = PBXFileReference; lastKnownFileType = text.plist.xml; path = Info.plist; sourceTree = "<group>"; };
		CDBB7A931A98CEB500D90A0D /* iTMDBTests.m */ = {isa = PBXFileReference; lastKnownFileType = sourcecode.c.objc; path = iTMDBTests.m; sourceTree = "<group>"; };
		CDBB7A9D1A98D68500D90A0D /* MoviesViewController.h */ = {isa = PBXFileReference; fileEncoding = 4; lastKnownFileType = sourcecode.c.h; path = MoviesViewController.h; sourceTree = "<group>"; };
		CDBB7A9E1A98D68500D90A0D /* MoviesViewController.m */ = {isa = PBXFileReference; fileEncoding = 4; lastKnownFileType = sourcecode.c.objc; path = MoviesViewController.m; sourceTree = "<group>"; };
		CDBB7AA51A98FEA700D90A0D /* TabBarViewController.h */ = {isa = PBXFileReference; fileEncoding = 4; lastKnownFileType = sourcecode.c.h; path = TabBarViewController.h; sourceTree = "<group>"; };
		CDBB7AA61A98FEA700D90A0D /* TabBarViewController.m */ = {isa = PBXFileReference; fileEncoding = 4; lastKnownFileType = sourcecode.c.objc; path = TabBarViewController.m; sourceTree = "<group>"; };
		CDBB7AAB1A9A6F2E00D90A0D /* SearchForMoviesViewController.h */ = {isa = PBXFileReference; fileEncoding = 4; lastKnownFileType = sourcecode.c.h; path = SearchForMoviesViewController.h; sourceTree = "<group>"; };
		CDBB7AAC1A9A6F2E00D90A0D /* SearchForMoviesViewController.m */ = {isa = PBXFileReference; fileEncoding = 4; lastKnownFileType = sourcecode.c.objc; path = SearchForMoviesViewController.m; sourceTree = "<group>"; };
		CDBB7AAE1A9A7BDF00D90A0D /* MovieTableViewCell.h */ = {isa = PBXFileReference; fileEncoding = 4; lastKnownFileType = sourcecode.c.h; path = MovieTableViewCell.h; sourceTree = "<group>"; };
		CDBB7AAF1A9A7BDF00D90A0D /* MovieTableViewCell.m */ = {isa = PBXFileReference; fileEncoding = 4; lastKnownFileType = sourcecode.c.objc; path = MovieTableViewCell.m; sourceTree = "<group>"; };
		CDBB7AB31A9A8BE600D90A0D /* DetailViewController.h */ = {isa = PBXFileReference; fileEncoding = 4; lastKnownFileType = sourcecode.c.h; path = DetailViewController.h; sourceTree = "<group>"; };
		CDBB7AB41A9A8BE600D90A0D /* DetailViewController.m */ = {isa = PBXFileReference; fileEncoding = 4; lastKnownFileType = sourcecode.c.objc; path = DetailViewController.m; sourceTree = "<group>"; };
/* End PBXFileReference section */

/* Begin PBXFrameworksBuildPhase section */
		CDBB7A711A98CEB400D90A0D /* Frameworks */ = {
			isa = PBXFrameworksBuildPhase;
			buildActionMask = 2147483647;
			files = (
			);
			runOnlyForDeploymentPostprocessing = 0;
		};
		CDBB7A8A1A98CEB500D90A0D /* Frameworks */ = {
			isa = PBXFrameworksBuildPhase;
			buildActionMask = 2147483647;
			files = (
			);
			runOnlyForDeploymentPostprocessing = 0;
		};
/* End PBXFrameworksBuildPhase section */

/* Begin PBXGroup section */
		CDBB7A6B1A98CEB400D90A0D = {
			isa = PBXGroup;
			children = (
				CDBB7A761A98CEB400D90A0D /* iTMDB */,
				CDBB7A901A98CEB500D90A0D /* iTMDBTests */,
				CDBB7A751A98CEB400D90A0D /* Products */,
			);
			sourceTree = "<group>";
		};
		CDBB7A751A98CEB400D90A0D /* Products */ = {
			isa = PBXGroup;
			children = (
				CDBB7A741A98CEB400D90A0D /* iTMDB.app */,
				CDBB7A8D1A98CEB500D90A0D /* iTMDBTests.xctest */,
			);
			name = Products;
			sourceTree = "<group>";
		};
		CDBB7A761A98CEB400D90A0D /* iTMDB */ = {
			isa = PBXGroup;
			children = (
				CDBB7AB21A9A7BFF00D90A0D /* View */,
				CDBB7AB11A9A7BE700D90A0D /* Controllers */,
				CDBB7A811A98CEB500D90A0D /* Main.storyboard */,
				CDBB7A771A98CEB400D90A0D /* Supporting Files */,
			);
			path = iTMDB;
			sourceTree = "<group>";
		};
		CDBB7A771A98CEB400D90A0D /* Supporting Files */ = {
			isa = PBXGroup;
			children = (
				CDBB7A7B1A98CEB500D90A0D /* AppDelegate.h */,
				CDBB7A7C1A98CEB500D90A0D /* AppDelegate.m */,
				CDBB7A841A98CEB500D90A0D /* Images.xcassets */,
				CDBB7A861A98CEB500D90A0D /* LaunchScreen.xib */,
				CDBB7A781A98CEB500D90A0D /* Info.plist */,
				CDBB7A791A98CEB500D90A0D /* main.m */,
			);
			name = "Supporting Files";
			sourceTree = "<group>";
		};
		CDBB7A901A98CEB500D90A0D /* iTMDBTests */ = {
			isa = PBXGroup;
			children = (
				CDBB7A931A98CEB500D90A0D /* iTMDBTests.m */,
				CDBB7A911A98CEB500D90A0D /* Supporting Files */,
			);
			path = iTMDBTests;
			sourceTree = "<group>";
		};
		CDBB7A911A98CEB500D90A0D /* Supporting Files */ = {
			isa = PBXGroup;
			children = (
				CDBB7A921A98CEB500D90A0D /* Info.plist */,
			);
			name = "Supporting Files";
			sourceTree = "<group>";
		};
		CDBB7AB11A9A7BE700D90A0D /* Controllers */ = {
			isa = PBXGroup;
			children = (
				CDBB7AA51A98FEA700D90A0D /* TabBarViewController.h */,
				CDBB7AA61A98FEA700D90A0D /* TabBarViewController.m */,
				CDBB7A9D1A98D68500D90A0D /* MoviesViewController.h */,
				CDBB7A9E1A98D68500D90A0D /* MoviesViewController.m */,
				CDBB7AAB1A9A6F2E00D90A0D /* SearchForMoviesViewController.h */,
				CDBB7AAC1A9A6F2E00D90A0D /* SearchForMoviesViewController.m */,
				CDBB7AB31A9A8BE600D90A0D /* DetailViewController.h */,
				CDBB7AB41A9A8BE600D90A0D /* DetailViewController.m */,
			);
			name = Controllers;
			sourceTree = "<group>";
		};
		CDBB7AB21A9A7BFF00D90A0D /* View */ = {
			isa = PBXGroup;
			children = (
				CDBB7AAE1A9A7BDF00D90A0D /* MovieTableViewCell.h */,
				CDBB7AAF1A9A7BDF00D90A0D /* MovieTableViewCell.m */,
				CD6BA5AF1AA31DE300E6D336 /* MovieTabBar.h */,
				CD6BA5B01AA31DE300E6D336 /* MovieTabBar.m */,
			);
			name = View;
			sourceTree = "<group>";
		};
/* End PBXGroup section */

/* Begin PBXNativeTarget section */
		CDBB7A731A98CEB400D90A0D /* iTMDB */ = {
			isa = PBXNativeTarget;
			buildConfigurationList = CDBB7A971A98CEB500D90A0D /* Build configuration list for PBXNativeTarget "iTMDB" */;
			buildPhases = (
				CDBB7A701A98CEB400D90A0D /* Sources */,
				CDBB7A711A98CEB400D90A0D /* Frameworks */,
				CDBB7A721A98CEB400D90A0D /* Resources */,
			);
			buildRules = (
			);
			dependencies = (
			);
			name = iTMDB;
			productName = iTMDB;
			productReference = CDBB7A741A98CEB400D90A0D /* iTMDB.app */;
			productType = "com.apple.product-type.application";
		};
		CDBB7A8C1A98CEB500D90A0D /* iTMDBTests */ = {
			isa = PBXNativeTarget;
			buildConfigurationList = CDBB7A9A1A98CEB500D90A0D /* Build configuration list for PBXNativeTarget "iTMDBTests" */;
			buildPhases = (
				CDBB7A891A98CEB500D90A0D /* Sources */,
				CDBB7A8A1A98CEB500D90A0D /* Frameworks */,
				CDBB7A8B1A98CEB500D90A0D /* Resources */,
			);
			buildRules = (
			);
			dependencies = (
				CDBB7A8F1A98CEB500D90A0D /* PBXTargetDependency */,
			);
			name = iTMDBTests;
			productName = iTMDBTests;
			productReference = CDBB7A8D1A98CEB500D90A0D /* iTMDBTests.xctest */;
			productType = "com.apple.product-type.bundle.unit-test";
		};
/* End PBXNativeTarget section */

/* Begin PBXProject section */
		CDBB7A6C1A98CEB400D90A0D /* Project object */ = {
			isa = PBXProject;
			attributes = {
				LastUpgradeCheck = 0610;
				ORGANIZATIONNAME = "Nazariy Vlizlo";
				TargetAttributes = {
					CDBB7A731A98CEB400D90A0D = {
						CreatedOnToolsVersion = 6.1;
					};
					CDBB7A8C1A98CEB500D90A0D = {
						CreatedOnToolsVersion = 6.1;
						TestTargetID = CDBB7A731A98CEB400D90A0D;
					};
				};
			};
			buildConfigurationList = CDBB7A6F1A98CEB400D90A0D /* Build configuration list for PBXProject "iTMDB" */;
			compatibilityVersion = "Xcode 3.2";
			developmentRegion = English;
			hasScannedForEncodings = 0;
			knownRegions = (
				en,
				Base,
			);
			mainGroup = CDBB7A6B1A98CEB400D90A0D;
			productRefGroup = CDBB7A751A98CEB400D90A0D /* Products */;
			projectDirPath = "";
			projectRoot = "";
			targets = (
				CDBB7A731A98CEB400D90A0D /* iTMDB */,
				CDBB7A8C1A98CEB500D90A0D /* iTMDBTests */,
			);
		};
/* End PBXProject section */

/* Begin PBXResourcesBuildPhase section */
		CDBB7A721A98CEB400D90A0D /* Resources */ = {
			isa = PBXResourcesBuildPhase;
			buildActionMask = 2147483647;
			files = (
				CDBB7A831A98CEB500D90A0D /* Main.storyboard in Resources */,
				CDBB7A881A98CEB500D90A0D /* LaunchScreen.xib in Resources */,
				CDBB7A851A98CEB500D90A0D /* Images.xcassets in Resources */,
			);
			runOnlyForDeploymentPostprocessing = 0;
		};
		CDBB7A8B1A98CEB500D90A0D /* Resources */ = {
			isa = PBXResourcesBuildPhase;
			buildActionMask = 2147483647;
			files = (
			);
			runOnlyForDeploymentPostprocessing = 0;
		};
/* End PBXResourcesBuildPhase section */

/* Begin PBXSourcesBuildPhase section */
		CDBB7A701A98CEB400D90A0D /* Sources */ = {
			isa = PBXSourcesBuildPhase;
			buildActionMask = 2147483647;
			files = (
				CDBB7AAD1A9A6F2E00D90A0D /* SearchForMoviesViewController.m in Sources */,
				CDBB7AA71A98FEA700D90A0D /* TabBarViewController.m in Sources */,
				CDBB7A9F1A98D68500D90A0D /* MoviesViewController.m in Sources */,
				CDBB7A7D1A98CEB500D90A0D /* AppDelegate.m in Sources */,
				CD6BA5B11AA31DE300E6D336 /* MovieTabBar.m in Sources */,
				CDBB7AB01A9A7BDF00D90A0D /* MovieTableViewCell.m in Sources */,
				CDBB7A7A1A98CEB500D90A0D /* main.m in Sources */,
				CDBB7AB51A9A8BE600D90A0D /* DetailViewController.m in Sources */,
			);
			runOnlyForDeploymentPostprocessing = 0;
		};
		CDBB7A891A98CEB500D90A0D /* Sources */ = {
			isa = PBXSourcesBuildPhase;
			buildActionMask = 2147483647;
			files = (
				CDBB7A941A98CEB500D90A0D /* iTMDBTests.m in Sources */,
			);
			runOnlyForDeploymentPostprocessing = 0;
		};
/* End PBXSourcesBuildPhase section */

/* Begin PBXTargetDependency section */
		CDBB7A8F1A98CEB500D90A0D /* PBXTargetDependency */ = {
			isa = PBXTargetDependency;
			target = CDBB7A731A98CEB400D90A0D /* iTMDB */;
			targetProxy = CDBB7A8E1A98CEB500D90A0D /* PBXContainerItemProxy */;
		};
/* End PBXTargetDependency section */

/* Begin PBXVariantGroup section */
		CDBB7A811A98CEB500D90A0D /* Main.storyboard */ = {
			isa = PBXVariantGroup;
			children = (
				CDBB7A821A98CEB500D90A0D /* Base */,
			);
			name = Main.storyboard;
			sourceTree = "<group>";
		};
		CDBB7A861A98CEB500D90A0D /* LaunchScreen.xib */ = {
			isa = PBXVariantGroup;
			children = (
				CDBB7A871A98CEB500D90A0D /* Base */,
			);
			name = LaunchScreen.xib;
			sourceTree = "<group>";
		};
/* End PBXVariantGroup section */

/* Begin XCBuildConfiguration section */
		CDBB7A951A98CEB500D90A0D /* Debug */ = {
			isa = XCBuildConfiguration;
			buildSettings = {
				ALWAYS_SEARCH_USER_PATHS = NO;
				CLANG_CXX_LANGUAGE_STANDARD = "gnu++0x";
				CLANG_CXX_LIBRARY = "libc++";
				CLANG_ENABLE_MODULES = YES;
				CLANG_ENABLE_OBJC_ARC = YES;
				CLANG_WARN_BOOL_CONVERSION = YES;
				CLANG_WARN_CONSTANT_CONVERSION = YES;
				CLANG_WARN_DIRECT_OBJC_ISA_USAGE = YES_ERROR;
				CLANG_WARN_EMPTY_BODY = YES;
				CLANG_WARN_ENUM_CONVERSION = YES;
				CLANG_WARN_INT_CONVERSION = YES;
				CLANG_WARN_OBJC_ROOT_CLASS = YES_ERROR;
				CLANG_WARN_UNREACHABLE_CODE = YES;
				CLANG_WARN__DUPLICATE_METHOD_MATCH = YES;
				"CODE_SIGN_IDENTITY[sdk=iphoneos*]" = "iPhone Developer";
				COPY_PHASE_STRIP = NO;
				ENABLE_STRICT_OBJC_MSGSEND = YES;
				GCC_C_LANGUAGE_STANDARD = gnu99;
				GCC_DYNAMIC_NO_PIC = NO;
				GCC_OPTIMIZATION_LEVEL = 0;
				GCC_PREPROCESSOR_DEFINITIONS = (
					"DEBUG=1",
					"$(inherited)",
				);
				GCC_SYMBOLS_PRIVATE_EXTERN = NO;
				GCC_WARN_64_TO_32_BIT_CONVERSION = YES;
				GCC_WARN_ABOUT_RETURN_TYPE = YES_ERROR;
				GCC_WARN_UNDECLARED_SELECTOR = YES;
				GCC_WARN_UNINITIALIZED_AUTOS = YES_AGGRESSIVE;
				GCC_WARN_UNUSED_FUNCTION = YES;
				GCC_WARN_UNUSED_VARIABLE = YES;
				IPHONEOS_DEPLOYMENT_TARGET = 8.1;
				MTL_ENABLE_DEBUG_INFO = YES;
				ONLY_ACTIVE_ARCH = YES;
				SDKROOT = iphoneos;
			};
			name = Debug;
		};
		CDBB7A961A98CEB500D90A0D /* Release */ = {
			isa = XCBuildConfiguration;
			buildSettings = {
				ALWAYS_SEARCH_USER_PATHS = NO;
				CLANG_CXX_LANGUAGE_STANDARD = "gnu++0x";
				CLANG_CXX_LIBRARY = "libc++";
				CLANG_ENABLE_MODULES = YES;
				CLANG_ENABLE_OBJC_ARC = YES;
				CLANG_WARN_BOOL_CONVERSION = YES;
				CLANG_WARN_CONSTANT_CONVERSION = YES;
				CLANG_WARN_DIRECT_OBJC_ISA_USAGE = YES_ERROR;
				CLANG_WARN_EMPTY_BODY = YES;
				CLANG_WARN_ENUM_CONVERSION = YES;
				CLANG_WARN_INT_CONVERSION = YES;
				CLANG_WARN_OBJC_ROOT_CLASS = YES_ERROR;
				CLANG_WARN_UNREACHABLE_CODE = YES;
				CLANG_WARN__DUPLICATE_METHOD_MATCH = YES;
				"CODE_SIGN_IDENTITY[sdk=iphoneos*]" = "iPhone Developer";
				COPY_PHASE_STRIP = YES;
				ENABLE_NS_ASSERTIONS = NO;
				ENABLE_STRICT_OBJC_MSGSEND = YES;
				GCC_C_LANGUAGE_STANDARD = gnu99;
				GCC_WARN_64_TO_32_BIT_CONVERSION = YES;
				GCC_WARN_ABOUT_RETURN_TYPE = YES_ERROR;
				GCC_WARN_UNDECLARED_SELECTOR = YES;
				GCC_WARN_UNINITIALIZED_AUTOS = YES_AGGRESSIVE;
				GCC_WARN_UNUSED_FUNCTION = YES;
				GCC_WARN_UNUSED_VARIABLE = YES;
				IPHONEOS_DEPLOYMENT_TARGET = 8.1;
				MTL_ENABLE_DEBUG_INFO = NO;
				SDKROOT = iphoneos;
				VALIDATE_PRODUCT = YES;
			};
			name = Release;
		};
		CDBB7A981A98CEB500D90A0D /* Debug */ = {
			isa = XCBuildConfiguration;
			buildSettings = {
				ASSETCATALOG_COMPILER_APPICON_NAME = AppIcon;
				INFOPLIST_FILE = iTMDB/Info.plist;
				LD_RUNPATH_SEARCH_PATHS = "$(inherited) @executable_path/Frameworks";
				PRODUCT_NAME = "$(TARGET_NAME)";
			};
			name = Debug;
		};
		CDBB7A991A98CEB500D90A0D /* Release */ = {
			isa = XCBuildConfiguration;
			buildSettings = {
				ASSETCATALOG_COMPILER_APPICON_NAME = AppIcon;
				INFOPLIST_FILE = iTMDB/Info.plist;
				LD_RUNPATH_SEARCH_PATHS = "$(inherited) @executable_path/Frameworks";
				PRODUCT_NAME = "$(TARGET_NAME)";
			};
			name = Release;
		};
		CDBB7A9B1A98CEB500D90A0D /* Debug */ = {
			isa = XCBuildConfiguration;
			buildSettings = {
				BUNDLE_LOADER = "$(TEST_HOST)";
				FRAMEWORK_SEARCH_PATHS = (
					"$(SDKROOT)/Developer/Library/Frameworks",
					"$(inherited)",
				);
				GCC_PREPROCESSOR_DEFINITIONS = (
					"DEBUG=1",
					"$(inherited)",
				);
				INFOPLIST_FILE = iTMDBTests/Info.plist;
				LD_RUNPATH_SEARCH_PATHS = "$(inherited) @executable_path/Frameworks @loader_path/Frameworks";
				PRODUCT_NAME = "$(TARGET_NAME)";
				TEST_HOST = "$(BUILT_PRODUCTS_DIR)/iTMDB.app/iTMDB";
			};
			name = Debug;
		};
		CDBB7A9C1A98CEB500D90A0D /* Release */ = {
			isa = XCBuildConfiguration;
			buildSettings = {
				BUNDLE_LOADER = "$(TEST_HOST)";
				FRAMEWORK_SEARCH_PATHS = (
					"$(SDKROOT)/Developer/Library/Frameworks",
					"$(inherited)",
				);
				INFOPLIST_FILE = iTMDBTests/Info.plist;
				LD_RUNPATH_SEARCH_PATHS = "$(inherited) @executable_path/Frameworks @loader_path/Frameworks";
				PRODUCT_NAME = "$(TARGET_NAME)";
				TEST_HOST = "$(BUILT_PRODUCTS_DIR)/iTMDB.app/iTMDB";
			};
			name = Release;
		};
/* End XCBuildConfiguration section */

/* Begin XCConfigurationList section */
		CDBB7A6F1A98CEB400D90A0D /* Build configuration list for PBXProject "iTMDB" */ = {
			isa = XCConfigurationList;
			buildConfigurations = (
				CDBB7A951A98CEB500D90A0D /* Debug */,
				CDBB7A961A98CEB500D90A0D /* Release */,
			);
			defaultConfigurationIsVisible = 0;
			defaultConfigurationName = Release;
		};
		CDBB7A971A98CEB500D90A0D /* Build configuration list for PBXNativeTarget "iTMDB" */ = {
			isa = XCConfigurationList;
			buildConfigurations = (
				CDBB7A981A98CEB500D90A0D /* Debug */,
				CDBB7A991A98CEB500D90A0D /* Release */,
			);
			defaultConfigurationIsVisible = 0;
			defaultConfigurationName = Release;
		};
		CDBB7A9A1A98CEB500D90A0D /* Build configuration list for PBXNativeTarget "iTMDBTests" */ = {
			isa = XCConfigurationList;
			buildConfigurations = (
				CDBB7A9B1A98CEB500D90A0D /* Debug */,
				CDBB7A9C1A98CEB500D90A0D /* Release */,
			);
			defaultConfigurationIsVisible = 0;
			defaultConfigurationName = Release;
		};
/* End XCConfigurationList section */
	};
	rootObject = CDBB7A6C1A98CEB400D90A0D /* Project object */;
}
